<Solution>
  <Folder Name="/docs/">
    <File Path="docs/glossary.md" />
    <File Path="docs/coding-standards.md" />
    <File Path="docs/terminology-ledger.md" />
    <File Path="docs/arcade-fidelity-notes.md" />
  </Folder>
  <Folder Name="/src/">
    <Project Path="src/Robotron2084/Robotron2084.csproj" />
  </Folder>
  <Folder Name="/tests/">
    <Project Path="tests/Robotron2084.Tests/Robotron2084.Tests.csproj" />
    <Project Path="tests/RobotronSoundPlayer.Tests/RobotronSoundPlayer.Tests.csproj" />
  </Folder>
  <Folder Name="/tools/">
    <Project Path="tools/RobotronSoundPlayer/RobotronSoundPlayer.csproj" />
  </Folder>
</Solution>
